{
  "nodes": {
    "nixpkgs": {
      "locked": {
        "lastModified": 1626426116,
        "narHash": "sha256-EO5OGzJVqCUr+jU8rFQOvET94Fy1uWJP/Y6Ymh/YmcM=",
        "owner": "nixos",
        "repo": "nixpkgs",
        "rev": "979ac3960d14ff816bd364b0046949a182700755",
        "type": "github"
      },
      "original": {
        "owner": "nixos",
        "repo": "nixpkgs",
        "type": "github"
      }
    },
    "root": {
      "inputs": {
        "nixpkgs": "nixpkgs",
        "utils": "utils"
      }
    },
    "utils": {
      "locked": {
        "lastModified": 1623875721,
        "narHash": "sha256-A8BU7bjS5GirpAUv4QA+QnJ4CceLHkcXdRp4xITDB0s=",
        "owner": "numtide",
        "repo": "flake-utils",
        "rev": "f7e004a55b120c02ecb6219596820fcd32ca8772",
        "type": "github"
      },
      "original": {
        "owner": "numtide",
        "repo": "flake-utils",
        "type": "github"
      }
    }
  },
  "root": "root",
  "version": 7
}
